{
    "_readme": [
        "This file locks the dependencies of your project to a known state",
        "Read more about it at https://getcomposer.org/doc/01-basic-usage.md#installing-dependencies",
        "This file is @generated automatically"
    ],
    "content-hash": "5731c82db526731fa0169a3acf40fa45",
    "packages": [
        {
            "name": "spatie/data-transfer-object",
            "version": "dev-master",
            "source": {
                "type": "git",
                "url": "https://github.com/spatie/data-transfer-object.git",
                "reference": "f06daff5c6136d318eb5b043fd69eb5d8f155a7f"
            },
            "dist": {
                "type": "zip",
                "url": "https://api.github.com/repos/spatie/data-transfer-object/zipball/f06daff5c6136d318eb5b043fd69eb5d8f155a7f",
                "reference": "f06daff5c6136d318eb5b043fd69eb5d8f155a7f",
                "shasum": ""
            },
            "require": {
                "php": "^7.4"
            },
            "require-dev": {
                "friendsofphp/php-cs-fixer": "^2.16",
                "larapack/dd": "^1.0",
                "phpunit/phpunit": "^9.0"
            },
            "suggest": {
                "phpstan/phpstan": "Take advantage of checkUninitializedProperties with \\Spatie\\DataTransferObject\\PHPstan\\PropertiesAreAlwaysInitializedExtension"
            },
            "type": "library",
            "autoload": {
                "psr-4": {
                    "Spatie\\DataTransferObject\\": "src"
                }
            },
            "notification-url": "https://packagist.org/downloads/",
            "license": [
                "MIT"
            ],
            "authors": [
                {
                    "name": "Brent Roose",
                    "email": "brent@spatie.be",
                    "homepage": "https://spatie.be",
                    "role": "Developer"
                }
            ],
            "description": "Data transfer objects with batteries included",
            "homepage": "https://github.com/spatie/data-transfer-object",
            "keywords": [
                "data-transfer-object",
                "spatie"
            ],
            "funding": [
                {
                    "url": "https://www.patreon.com/spatie",
                    "type": "patreon"
                }
            ],
            "time": "2020-09-18T07:59:11+00:00"
        }
    ],
    "packages-dev": [],
    "aliases": [],
    "minimum-stability": "dev",
    "stability-flags": {
        "spatie/data-transfer-object": 20
    },
    "prefer-stable": false,
    "prefer-lowest": false,
    "platform": [],
    "platform-dev": [],
    "plugin-api-version": "1.1.0"
}
